# This file is automatically @generated by Cargo.
# It is not intended for manual editing.
[[package]]
name = "rsprolog"
version = "0.1.0"
dependencies = [
 "unicode-segmentation",
]

[[package]]
name = "unicode-segmentation"
version = "0.1.3"
source = "registry+https://github.com/rust-lang/crates.io-index"
checksum = "c3bc443ded17b11305ffffe6b37e2076f328a5a8cb6aa877b1b98f77699e98b5"
